
Microsoft Visual Studio Solution File, Format Version 12.00
# Visual Studio 15
VisualStudioVersion = 15.0.26730.8
MinimumVisualStudioVersion = 10.0.40219.1
Project("{2150E333-8FDC-42A3-9474-1A3956D46DE8}") = "Solution Items", "Solution Items", "{70096DE4-F6A8-4444-95A0-0DC01AC27A19}"
	ProjectSection(SolutionItems) = preProject
		.gitignore = .gitignore
		global.json = global.json
	EndProjectSection
EndProject
Project("{9A19103F-16F7-4668-BE54-9A1E7A4F7556}") = "AspNetCore.ExistingDb", "AspNetCore.ExistingDb\AspNetCore.ExistingDb.csproj", "{13016FDE-F139-4B64-A916-14CCA10ACA2A}"
EndProject
Project("{9A19103F-16F7-4668-BE54-9A1E7A4F7556}") = "Pomelo.Extensions.Caching.MySql", "Caching-MySQL\src\Pomelo.Extensions.Caching.MySql\Pomelo.Extensions.Caching.MySql.csproj", "{E88A71D2-7686-47F4-BAF9-BC3E2167B6C8}"
EndProject
Project("{9A19103F-16F7-4668-BE54-9A1E7A4F7556}") = "Tests", "Tests\Tests.csproj", "{DA074092-247B-491A-BB0A-D4CCBDC55C9F}"
EndProject
Global
	GlobalSection(SolutionConfigurationPlatforms) = preSolution
		Debug|Any CPU = Debug|Any CPU
		Release|Any CPU = Release|Any CPU
	EndGlobalSection
	GlobalSection(ProjectConfigurationPlatforms) = postSolution
		{13016FDE-F139-4B64-A916-14CCA10ACA2A}.Debug|Any CPU.ActiveCfg = Debug|Any CPU
		{13016FDE-F139-4B64-A916-14CCA10ACA2A}.Debug|Any CPU.Build.0 = Debug|Any CPU
		{13016FDE-F139-4B64-A916-14CCA10ACA2A}.Release|Any CPU.ActiveCfg = Release|Any CPU
		{13016FDE-F139-4B64-A916-14CCA10ACA2A}.Release|Any CPU.Build.0 = Release|Any CPU
		{E88A71D2-7686-47F4-BAF9-BC3E2167B6C8}.Debug|Any CPU.ActiveCfg = Debug|Any CPU
		{E88A71D2-7686-47F4-BAF9-BC3E2167B6C8}.Debug|Any CPU.Build.0 = Debug|Any CPU
		{E88A71D2-7686-47F4-BAF9-BC3E2167B6C8}.Release|Any CPU.ActiveCfg = Release|Any CPU
		{E88A71D2-7686-47F4-BAF9-BC3E2167B6C8}.Release|Any CPU.Build.0 = Release|Any CPU
		{DA074092-247B-491A-BB0A-D4CCBDC55C9F}.Debug|Any CPU.ActiveCfg = Debug|Any CPU
		{DA074092-247B-491A-BB0A-D4CCBDC55C9F}.Debug|Any CPU.Build.0 = Debug|Any CPU
		{DA074092-247B-491A-BB0A-D4CCBDC55C9F}.Release|Any CPU.ActiveCfg = Release|Any CPU
		{DA074092-247B-491A-BB0A-D4CCBDC55C9F}.Release|Any CPU.Build.0 = Release|Any CPU
	EndGlobalSection
	GlobalSection(SolutionProperties) = preSolution
		HideSolutionNode = FALSE
	EndGlobalSection
	GlobalSection(ExtensibilityGlobals) = postSolution
		SolutionGuid = {7B569FEB-FD77-47F1-B8A7-555517BCCDAE}
	EndGlobalSection
EndGlobal
