
Microsoft Visual Studio Solution File, Format Version 12.00
# Visual Studio 15
VisualStudioVersion = 15.0.27130.2036
MinimumVisualStudioVersion = 10.0.40219.1
Project("{2150E333-8FDC-42A3-9474-1A3956D46DE8}") = "Solution Items", "Solution Items", "{70096DE4-F6A8-4444-95A0-0DC01AC27A19}"
	ProjectSection(SolutionItems) = preProject
		.filenesting.json = .filenesting.json
		.gitignore = .gitignore
		buildDockerImage.sh = buildDockerImage.sh
		docker-compose.yml = docker-compose.yml
		Dockerfile = Dockerfile
		Dockerfile.alpine = Dockerfile.alpine
		global.json = global.json
		haproxy\haproxy.cfg = haproxy\haproxy.cfg
		NuGet.config = NuGet.config
		startApp.sh = startApp.sh
	EndProjectSection
EndProject
Project("{9A19103F-16F7-4668-BE54-9A1E7A4F7556}") = "AspNetCore.ExistingDb", "AspNetCore.ExistingDb\AspNetCore.ExistingDb.csproj", "{13016FDE-F139-4B64-A916-14CCA10ACA2A}"
EndProject
Project("{9A19103F-16F7-4668-BE54-9A1E7A4F7556}") = "Pomelo.Extensions.Caching.MySql", "Caching-MySQL\src\Pomelo.Extensions.Caching.MySql\Pomelo.Extensions.Caching.MySql.csproj", "{E88A71D2-7686-47F4-BAF9-BC3E2167B6C8}"
EndProject
Project("{9A19103F-16F7-4668-BE54-9A1E7A4F7556}") = "AspNetCore.ExistingDb.Tests", "AspNetCore.ExistingDb.Tests\AspNetCore.ExistingDb.Tests.csproj", "{95B7C8A0-B6BA-415F-AC9F-B8E342FFB677}"
EndProject
Project("{9A19103F-16F7-4668-BE54-9A1E7A4F7556}") = "InkBall.Module", "InkBall\src\InkBall.Module\InkBall.Module.csproj", "{506E23A6-9925-4E5F-869B-74FFA28E2F7C}"
EndProject
Project("{2150E333-8FDC-42A3-9474-1A3956D46DE8}") = "Tests", "Tests", "{F38FDA4F-FDEA-474B-B91D-E51E081CDF50}"
EndProject
Project("{9A19103F-16F7-4668-BE54-9A1E7A4F7556}") = "InkBall.Tests", "InkBall\test\InkBall.Tests\InkBall.Tests.csproj", "{6EDDE8FC-5A0A-4F2B-8CCA-7DA214EBE1F8}"
EndProject
Project("{9A19103F-16F7-4668-BE54-9A1E7A4F7556}") = "Pomelo.Extensions.Caching.MySql.Tests", "Caching-MySQL\test\Pomelo.Extensions.Caching.MySql.Tests\Pomelo.Extensions.Caching.MySql.Tests.csproj", "{352D5AC0-37CE-4DF8-8C9C-24960ABC59BA}"
EndProject
Project("{2150E333-8FDC-42A3-9474-1A3956D46DE8}") = "Caching-MySQL", "Caching-MySQL", "{F2EB994D-552D-4560-863A-2FCE95E3A321}"
EndProject
Project("{9A19103F-16F7-4668-BE54-9A1E7A4F7556}") = "Pomelo.Extensions.Caching.MySqlConfig.Tools", "Caching-MySQL\src\Pomelo.Extensions.Caching.MySqlConfig.Tools\Pomelo.Extensions.Caching.MySqlConfig.Tools.csproj", "{00734D1C-BF2B-4F28-A51C-A8960E1580ED}"
EndProject
Project("{2150E333-8FDC-42A3-9474-1A3956D46DE8}") = "Src", "Src", "{A3DCBA8E-DDDD-4C03-8FC7-028D2B488C4B}"
EndProject
Project("{2150E333-8FDC-42A3-9474-1A3956D46DE8}") = "binaries", "binaries", "{07F86C6A-B19C-4A40-A920-5C70B03A5A1A}"
	ProjectSection(SolutionItems) = preProject
		binaries\Oracle.EntityFrameworkCore.2.18.0-beta2\lib\netstandard2.0\Oracle.EntityFrameworkCore.dll = binaries\Oracle.EntityFrameworkCore.2.18.0-beta2\lib\netstandard2.0\Oracle.EntityFrameworkCore.dll
	EndProjectSection
EndProject
Project("{9A19103F-16F7-4668-BE54-9A1E7A4F7556}") = "IdentityManager2", "IdentityManager2\src\IdentityManager2\IdentityManager2.csproj", "{9D1C35F7-3699-4DB7-9BDF-6C94925735E8}"
EndProject
Global
	GlobalSection(SolutionConfigurationPlatforms) = preSolution
		Debug|Any CPU = Debug|Any CPU
		Release|Any CPU = Release|Any CPU
	EndGlobalSection
	GlobalSection(ProjectConfigurationPlatforms) = postSolution
		{13016FDE-F139-4B64-A916-14CCA10ACA2A}.Debug|Any CPU.ActiveCfg = Debug|Any CPU
		{13016FDE-F139-4B64-A916-14CCA10ACA2A}.Debug|Any CPU.Build.0 = Debug|Any CPU
		{13016FDE-F139-4B64-A916-14CCA10ACA2A}.Release|Any CPU.ActiveCfg = Release|Any CPU
		{13016FDE-F139-4B64-A916-14CCA10ACA2A}.Release|Any CPU.Build.0 = Release|Any CPU
		{E88A71D2-7686-47F4-BAF9-BC3E2167B6C8}.Debug|Any CPU.ActiveCfg = Debug|Any CPU
		{E88A71D2-7686-47F4-BAF9-BC3E2167B6C8}.Debug|Any CPU.Build.0 = Debug|Any CPU
		{E88A71D2-7686-47F4-BAF9-BC3E2167B6C8}.Release|Any CPU.ActiveCfg = Release|Any CPU
		{E88A71D2-7686-47F4-BAF9-BC3E2167B6C8}.Release|Any CPU.Build.0 = Release|Any CPU
		{95B7C8A0-B6BA-415F-AC9F-B8E342FFB677}.Debug|Any CPU.ActiveCfg = Debug|Any CPU
		{95B7C8A0-B6BA-415F-AC9F-B8E342FFB677}.Debug|Any CPU.Build.0 = Debug|Any CPU
		{95B7C8A0-B6BA-415F-AC9F-B8E342FFB677}.Release|Any CPU.ActiveCfg = Release|Any CPU
		{95B7C8A0-B6BA-415F-AC9F-B8E342FFB677}.Release|Any CPU.Build.0 = Release|Any CPU
		{506E23A6-9925-4E5F-869B-74FFA28E2F7C}.Debug|Any CPU.ActiveCfg = Debug|Any CPU
		{506E23A6-9925-4E5F-869B-74FFA28E2F7C}.Debug|Any CPU.Build.0 = Debug|Any CPU
		{506E23A6-9925-4E5F-869B-74FFA28E2F7C}.Release|Any CPU.ActiveCfg = Release|Any CPU
		{506E23A6-9925-4E5F-869B-74FFA28E2F7C}.Release|Any CPU.Build.0 = Release|Any CPU
		{6EDDE8FC-5A0A-4F2B-8CCA-7DA214EBE1F8}.Debug|Any CPU.ActiveCfg = Debug|Any CPU
		{6EDDE8FC-5A0A-4F2B-8CCA-7DA214EBE1F8}.Debug|Any CPU.Build.0 = Debug|Any CPU
		{6EDDE8FC-5A0A-4F2B-8CCA-7DA214EBE1F8}.Release|Any CPU.ActiveCfg = Release|Any CPU
		{6EDDE8FC-5A0A-4F2B-8CCA-7DA214EBE1F8}.Release|Any CPU.Build.0 = Release|Any CPU
		{352D5AC0-37CE-4DF8-8C9C-24960ABC59BA}.Debug|Any CPU.ActiveCfg = Debug|Any CPU
		{352D5AC0-37CE-4DF8-8C9C-24960ABC59BA}.Debug|Any CPU.Build.0 = Debug|Any CPU
		{352D5AC0-37CE-4DF8-8C9C-24960ABC59BA}.Release|Any CPU.ActiveCfg = Release|Any CPU
		{352D5AC0-37CE-4DF8-8C9C-24960ABC59BA}.Release|Any CPU.Build.0 = Release|Any CPU
		{00734D1C-BF2B-4F28-A51C-A8960E1580ED}.Debug|Any CPU.ActiveCfg = Debug|Any CPU
		{00734D1C-BF2B-4F28-A51C-A8960E1580ED}.Debug|Any CPU.Build.0 = Debug|Any CPU
		{00734D1C-BF2B-4F28-A51C-A8960E1580ED}.Release|Any CPU.ActiveCfg = Release|Any CPU
		{00734D1C-BF2B-4F28-A51C-A8960E1580ED}.Release|Any CPU.Build.0 = Release|Any CPU
		{9D1C35F7-3699-4DB7-9BDF-6C94925735E8}.Debug|Any CPU.ActiveCfg = Debug|Any CPU
		{9D1C35F7-3699-4DB7-9BDF-6C94925735E8}.Debug|Any CPU.Build.0 = Debug|Any CPU
		{9D1C35F7-3699-4DB7-9BDF-6C94925735E8}.Release|Any CPU.ActiveCfg = Release|Any CPU
		{9D1C35F7-3699-4DB7-9BDF-6C94925735E8}.Release|Any CPU.Build.0 = Release|Any CPU
	EndGlobalSection
	GlobalSection(SolutionProperties) = preSolution
		HideSolutionNode = FALSE
	EndGlobalSection
	GlobalSection(NestedProjects) = preSolution
		{13016FDE-F139-4B64-A916-14CCA10ACA2A} = {A3DCBA8E-DDDD-4C03-8FC7-028D2B488C4B}
		{E88A71D2-7686-47F4-BAF9-BC3E2167B6C8} = {F2EB994D-552D-4560-863A-2FCE95E3A321}
		{95B7C8A0-B6BA-415F-AC9F-B8E342FFB677} = {F38FDA4F-FDEA-474B-B91D-E51E081CDF50}
		{506E23A6-9925-4E5F-869B-74FFA28E2F7C} = {A3DCBA8E-DDDD-4C03-8FC7-028D2B488C4B}
		{6EDDE8FC-5A0A-4F2B-8CCA-7DA214EBE1F8} = {F38FDA4F-FDEA-474B-B91D-E51E081CDF50}
		{352D5AC0-37CE-4DF8-8C9C-24960ABC59BA} = {F38FDA4F-FDEA-474B-B91D-E51E081CDF50}
		{F2EB994D-552D-4560-863A-2FCE95E3A321} = {A3DCBA8E-DDDD-4C03-8FC7-028D2B488C4B}
		{00734D1C-BF2B-4F28-A51C-A8960E1580ED} = {F2EB994D-552D-4560-863A-2FCE95E3A321}
		{07F86C6A-B19C-4A40-A920-5C70B03A5A1A} = {70096DE4-F6A8-4444-95A0-0DC01AC27A19}
		{9D1C35F7-3699-4DB7-9BDF-6C94925735E8} = {A3DCBA8E-DDDD-4C03-8FC7-028D2B488C4B}
	EndGlobalSection
	GlobalSection(ExtensibilityGlobals) = postSolution
		SolutionGuid = {7B569FEB-FD77-47F1-B8A7-555517BCCDAE}
	EndGlobalSection
EndGlobal
